
Microsoft Visual Studio Solution File, Format Version 12.00
# Visual Studio Version 17
VisualStudioVersion = 17.8.34322.80
MinimumVisualStudioVersion = 10.0.40219.1
Project("{FAE04EC0-301F-11D3-BF4B-00C04F79EFBC}") = "BackpropagationNN", "BackpropagationNN\BackpropagationNN.csproj", "{C78DD28E-CD70-4B10-9A07-DB078F566EB0}"
EndProject
Global
	GlobalSection(SolutionConfigurationPlatforms) = preSolution
		Debug|Any CPU = Debug|Any CPU
		Release|Any CPU = Release|Any CPU
	EndGlobalSection
	GlobalSection(ProjectConfigurationPlatforms) = postSolution
		{C78DD28E-CD70-4B10-9A07-DB078F566EB0}.Debug|Any CPU.ActiveCfg = Debug|Any CPU
		{C78DD28E-CD70-4B10-9A07-DB078F566EB0}.Debug|Any CPU.Build.0 = Debug|Any CPU
		{C78DD28E-CD70-4B10-9A07-DB078F566EB0}.Release|Any CPU.ActiveCfg = Release|Any CPU
		{C78DD28E-CD70-4B10-9A07-DB078F566EB0}.Release|Any CPU.Build.0 = Release|Any CPU
	EndGlobalSection
	GlobalSection(SolutionProperties) = preSolution
		HideSolutionNode = FALSE
	EndGlobalSection
	GlobalSection(ExtensibilityGlobals) = postSolution
		SolutionGuid = {5C5C0843-C838-496E-8DE5-7BB14F8C0535}
	EndGlobalSection
EndGlobal
